// !$*UTF8*$!
{
	archiveVersion = 1;
	classes = {
	};
	objectVersion = 55;
	objects = {

/* Begin PBXBuildFile section */
		9F7F83F3279D22CE0090420E /* AppDelegate.swift in Sources */ = {isa = PBXBuildFile; fileRef = 9F7F83F2279D22CE0090420E /* AppDelegate.swift */; };
		9F7F83F5279D22CE0090420E /* SceneDelegate.swift in Sources */ = {isa = PBXBuildFile; fileRef = 9F7F83F4279D22CE0090420E /* SceneDelegate.swift */; };
		9F7F83F7279D22CE0090420E /* ImageViewController.swift in Sources */ = {isa = PBXBuildFile; fileRef = 9F7F83F6279D22CE0090420E /* ImageViewController.swift */; };
		9F7F83FA279D22CE0090420E /* Main.storyboard in Resources */ = {isa = PBXBuildFile; fileRef = 9F7F83F8279D22CE0090420E /* Main.storyboard */; };
		9F7F83FC279D22CF0090420E /* Assets.xcassets in Resources */ = {isa = PBXBuildFile; fileRef = 9F7F83FB279D22CF0090420E /* Assets.xcassets */; };
		9F7F83FF279D22CF0090420E /* LaunchScreen.storyboard in Resources */ = {isa = PBXBuildFile; fileRef = 9F7F83FD279D22CF0090420E /* LaunchScreen.storyboard */; };
		9F7F8407279D24EE0090420E /* CoursesCollectionViewController.swift in Sources */ = {isa = PBXBuildFile; fileRef = 9F7F8406279D24EE0090420E /* CoursesCollectionViewController.swift */; };
		9F7F8409279D251A0090420E /* CourseTableViewController.swift in Sources */ = {isa = PBXBuildFile; fileRef = 9F7F8408279D251A0090420E /* CourseTableViewController.swift */; };
		9F7F840B279D25420090420E /* CollectionViewCell.swift in Sources */ = {isa = PBXBuildFile; fileRef = 9F7F840A279D25420090420E /* CollectionViewCell.swift */; };
		9F7F840D279D255A0090420E /* TableViewCell.swift in Sources */ = {isa = PBXBuildFile; fileRef = 9F7F840C279D255A0090420E /* TableViewCell.swift */; };
		9F7F840F279D59180090420E /* Course.swift in Sources */ = {isa = PBXBuildFile; fileRef = 9F7F840E279D59180090420E /* Course.swift */; };
/* End PBXBuildFile section */

/* Begin PBXFileReference section */
		9F7F83EF279D22CE0090420E /* NetworkingSwift.app */ = {isa = PBXFileReference; explicitFileType = wrapper.application; includeInIndex = 0; path = NetworkingSwift.app; sourceTree = BUILT_PRODUCTS_DIR; };
		9F7F83F2279D22CE0090420E /* AppDelegate.swift */ = {isa = PBXFileReference; lastKnownFileType = sourcecode.swift; path = AppDelegate.swift; sourceTree = "<group>"; };
		9F7F83F4279D22CE0090420E /* SceneDelegate.swift */ = {isa = PBXFileReference; lastKnownFileType = sourcecode.swift; path = SceneDelegate.swift; sourceTree = "<group>"; };
		9F7F83F6279D22CE0090420E /* ImageViewController.swift */ = {isa = PBXFileReference; lastKnownFileType = sourcecode.swift; path = ImageViewController.swift; sourceTree = "<group>"; };
		9F7F83F9279D22CE0090420E /* Base */ = {isa = PBXFileReference; lastKnownFileType = file.storyboard; name = Base; path = Base.lproj/Main.storyboard; sourceTree = "<group>"; };
		9F7F83FB279D22CF0090420E /* Assets.xcassets */ = {isa = PBXFileReference; lastKnownFileType = folder.assetcatalog; path = Assets.xcassets; sourceTree = "<group>"; };
		9F7F83FE279D22CF0090420E /* Base */ = {isa = PBXFileReference; lastKnownFileType = file.storyboard; name = Base; path = Base.lproj/LaunchScreen.storyboard; sourceTree = "<group>"; };
		9F7F8400279D22CF0090420E /* Info.plist */ = {isa = PBXFileReference; lastKnownFileType = text.plist.xml; path = Info.plist; sourceTree = "<group>"; };
		9F7F8406279D24EE0090420E /* CoursesCollectionViewController.swift */ = {isa = PBXFileReference; lastKnownFileType = sourcecode.swift; path = CoursesCollectionViewController.swift; sourceTree = "<group>"; };
		9F7F8408279D251A0090420E /* CourseTableViewController.swift */ = {isa = PBXFileReference; lastKnownFileType = sourcecode.swift; path = CourseTableViewController.swift; sourceTree = "<group>"; };
		9F7F840A279D25420090420E /* CollectionViewCell.swift */ = {isa = PBXFileReference; lastKnownFileType = sourcecode.swift; path = CollectionViewCell.swift; sourceTree = "<group>"; };
		9F7F840C279D255A0090420E /* TableViewCell.swift */ = {isa = PBXFileReference; lastKnownFileType = sourcecode.swift; path = TableViewCell.swift; sourceTree = "<group>"; };
		9F7F840E279D59180090420E /* Course.swift */ = {isa = PBXFileReference; lastKnownFileType = sourcecode.swift; path = Course.swift; sourceTree = "<group>"; };
/* End PBXFileReference section */

/* Begin PBXFrameworksBuildPhase section */
		9F7F83EC279D22CE0090420E /* Frameworks */ = {
			isa = PBXFrameworksBuildPhase;
			buildActionMask = 2147483647;
			files = (
			);
			runOnlyForDeploymentPostprocessing = 0;
		};
/* End PBXFrameworksBuildPhase section */

/* Begin PBXGroup section */
		9F7F83E6279D22CE0090420E = {
			isa = PBXGroup;
			children = (
				9F7F83F1279D22CE0090420E /* NetworkingSwift */,
				9F7F83F0279D22CE0090420E /* Products */,
			);
			sourceTree = "<group>";
		};
		9F7F83F0279D22CE0090420E /* Products */ = {
			isa = PBXGroup;
			children = (
				9F7F83EF279D22CE0090420E /* NetworkingSwift.app */,
			);
			name = Products;
			sourceTree = "<group>";
		};
		9F7F83F1279D22CE0090420E /* NetworkingSwift */ = {
			isa = PBXGroup;
			children = (
				9F7F83F2279D22CE0090420E /* AppDelegate.swift */,
				9F7F83F4279D22CE0090420E /* SceneDelegate.swift */,
				9F7F83F6279D22CE0090420E /* ImageViewController.swift */,
				9F7F8406279D24EE0090420E /* CoursesCollectionViewController.swift */,
				9F7F8408279D251A0090420E /* CourseTableViewController.swift */,
				9F7F840A279D25420090420E /* CollectionViewCell.swift */,
				9F7F840C279D255A0090420E /* TableViewCell.swift */,
				9F7F840E279D59180090420E /* Course.swift */,
				9F7F83F8279D22CE0090420E /* Main.storyboard */,
				9F7F83FB279D22CF0090420E /* Assets.xcassets */,
				9F7F83FD279D22CF0090420E /* LaunchScreen.storyboard */,
				9F7F8400279D22CF0090420E /* Info.plist */,
			);
			path = NetworkingSwift;
			sourceTree = "<group>";
		};
/* End PBXGroup section */

/* Begin PBXNativeTarget section */
		9F7F83EE279D22CE0090420E /* NetworkingSwift */ = {
			isa = PBXNativeTarget;
			buildConfigurationList = 9F7F8403279D22CF0090420E /* Build configuration list for PBXNativeTarget "NetworkingSwift" */;
			buildPhases = (
				9F7F83EB279D22CE0090420E /* Sources */,
				9F7F83EC279D22CE0090420E /* Frameworks */,
				9F7F83ED279D22CE0090420E /* Resources */,
			);
			buildRules = (
			);
			dependencies = (
			);
			name = NetworkingSwift;
			productName = NetworkingSwift;
			productReference = 9F7F83EF279D22CE0090420E /* NetworkingSwift.app */;
			productType = "com.apple.product-type.application";
		};
/* End PBXNativeTarget section */

/* Begin PBXProject section */
		9F7F83E7279D22CE0090420E /* Project object */ = {
			isa = PBXProject;
			attributes = {
				BuildIndependentTargetsInParallel = 1;
				LastSwiftUpdateCheck = 1310;
				LastUpgradeCheck = 1310;
				TargetAttributes = {
					9F7F83EE279D22CE0090420E = {
						CreatedOnToolsVersion = 13.1;
					};
				};
			};
			buildConfigurationList = 9F7F83EA279D22CE0090420E /* Build configuration list for PBXProject "NetworkingSwift" */;
			compatibilityVersion = "Xcode 13.0";
			developmentRegion = en;
			hasScannedForEncodings = 0;
			knownRegions = (
				en,
				Base,
			);
			mainGroup = 9F7F83E6279D22CE0090420E;
			productRefGroup = 9F7F83F0279D22CE0090420E /* Products */;
			projectDirPath = "";
			projectRoot = "";
			targets = (
				9F7F83EE279D22CE0090420E /* NetworkingSwift */,
			);
		};
/* End PBXProject section */

/* Begin PBXResourcesBuildPhase section */
		9F7F83ED279D22CE0090420E /* Resources */ = {
			isa = PBXResourcesBuildPhase;
			buildActionMask = 2147483647;
			files = (
				9F7F83FF279D22CF0090420E /* LaunchScreen.storyboard in Resources */,
				9F7F83FC279D22CF0090420E /* Assets.xcassets in Resources */,
				9F7F83FA279D22CE0090420E /* Main.storyboard in Resources */,
			);
			runOnlyForDeploymentPostprocessing = 0;
		};
/* End PBXResourcesBuildPhase section */

/* Begin PBXSourcesBuildPhase section */
		9F7F83EB279D22CE0090420E /* Sources */ = {
			isa = PBXSourcesBuildPhase;
			buildActionMask = 2147483647;
			files = (
				9F7F8409279D251A0090420E /* CourseTableViewController.swift in Sources */,
				9F7F83F7279D22CE0090420E /* ImageViewController.swift in Sources */,
				9F7F840B279D25420090420E /* CollectionViewCell.swift in Sources */,
				9F7F83F3279D22CE0090420E /* AppDelegate.swift in Sources */,
				9F7F83F5279D22CE0090420E /* SceneDelegate.swift in Sources */,
				9F7F840D279D255A0090420E /* TableViewCell.swift in Sources */,
				9F7F8407279D24EE0090420E /* CoursesCollectionViewController.swift in Sources */,
				9F7F840F279D59180090420E /* Course.swift in Sources */,
			);
			runOnlyForDeploymentPostprocessing = 0;
		};
/* End PBXSourcesBuildPhase section */

/* Begin PBXVariantGroup section */
		9F7F83F8279D22CE0090420E /* Main.storyboard */ = {
			isa = PBXVariantGroup;
			children = (
				9F7F83F9279D22CE0090420E /* Base */,
			);
			name = Main.storyboard;
			sourceTree = "<group>";
		};
		9F7F83FD279D22CF0090420E /* LaunchScreen.storyboard */ = {
			isa = PBXVariantGroup;
			children = (
				9F7F83FE279D22CF0090420E /* Base */,
			);
			name = LaunchScreen.storyboard;
			sourceTree = "<group>";
		};
/* End PBXVariantGroup section */

/* Begin XCBuildConfiguration section */
		9F7F8401279D22CF0090420E /* Debug */ = {
			isa = XCBuildConfiguration;
			buildSettings = {
				ALWAYS_SEARCH_USER_PATHS = NO;
				CLANG_ANALYZER_NONNULL = YES;
				CLANG_ANALYZER_NUMBER_OBJECT_CONVERSION = YES_AGGRESSIVE;
				CLANG_CXX_LANGUAGE_STANDARD = "gnu++17";
				CLANG_CXX_LIBRARY = "libc++";
				CLANG_ENABLE_MODULES = YES;
				CLANG_ENABLE_OBJC_ARC = YES;
				CLANG_ENABLE_OBJC_WEAK = YES;
				CLANG_WARN_BLOCK_CAPTURE_AUTORELEASING = YES;
				CLANG_WARN_BOOL_CONVERSION = YES;
				CLANG_WARN_COMMA = YES;
				CLANG_WARN_CONSTANT_CONVERSION = YES;
				CLANG_WARN_DEPRECATED_OBJC_IMPLEMENTATIONS = YES;
				CLANG_WARN_DIRECT_OBJC_ISA_USAGE = YES_ERROR;
				CLANG_WARN_DOCUMENTATION_COMMENTS = YES;
				CLANG_WARN_EMPTY_BODY = YES;
				CLANG_WARN_ENUM_CONVERSION = YES;
				CLANG_WARN_INFINITE_RECURSION = YES;
				CLANG_WARN_INT_CONVERSION = YES;
				CLANG_WARN_NON_LITERAL_NULL_CONVERSION = YES;
				CLANG_WARN_OBJC_IMPLICIT_RETAIN_SELF = YES;
				CLANG_WARN_OBJC_LITERAL_CONVERSION = YES;
				CLANG_WARN_OBJC_ROOT_CLASS = YES_ERROR;
				CLANG_WARN_QUOTED_INCLUDE_IN_FRAMEWORK_HEADER = YES;
				CLANG_WARN_RANGE_LOOP_ANALYSIS = YES;
				CLANG_WARN_STRICT_PROTOTYPES = YES;
				CLANG_WARN_SUSPICIOUS_MOVE = YES;
				CLANG_WARN_UNGUARDED_AVAILABILITY = YES_AGGRESSIVE;
				CLANG_WARN_UNREACHABLE_CODE = YES;
				CLANG_WARN__DUPLICATE_METHOD_MATCH = YES;
				COPY_PHASE_STRIP = NO;
				DEBUG_INFORMATION_FORMAT = dwarf;
				ENABLE_STRICT_OBJC_MSGSEND = YES;
				ENABLE_TESTABILITY = YES;
				GCC_C_LANGUAGE_STANDARD = gnu11;
				GCC_DYNAMIC_NO_PIC = NO;
				GCC_NO_COMMON_BLOCKS = YES;
				GCC_OPTIMIZATION_LEVEL = 0;
				GCC_PREPROCESSOR_DEFINITIONS = (
					"DEBUG=1",
					"$(inherited)",
				);
				GCC_WARN_64_TO_32_BIT_CONVERSION = YES;
				GCC_WARN_ABOUT_RETURN_TYPE = YES_ERROR;
				GCC_WARN_UNDECLARED_SELECTOR = YES;
				GCC_WARN_UNINITIALIZED_AUTOS = YES_AGGRESSIVE;
				GCC_WARN_UNUSED_FUNCTION = YES;
				GCC_WARN_UNUSED_VARIABLE = YES;
				IPHONEOS_DEPLOYMENT_TARGET = 15.0;
				MTL_ENABLE_DEBUG_INFO = INCLUDE_SOURCE;
				MTL_FAST_MATH = YES;
				ONLY_ACTIVE_ARCH = YES;
				SDKROOT = iphoneos;
				SWIFT_ACTIVE_COMPILATION_CONDITIONS = DEBUG;
				SWIFT_OPTIMIZATION_LEVEL = "-Onone";
			};
			name = Debug;
		};
		9F7F8402279D22CF0090420E /* Release */ = {
			isa = XCBuildConfiguration;
			buildSettings = {
				ALWAYS_SEARCH_USER_PATHS = NO;
				CLANG_ANALYZER_NONNULL = YES;
				CLANG_ANALYZER_NUMBER_OBJECT_CONVERSION = YES_AGGRESSIVE;
				CLANG_CXX_LANGUAGE_STANDARD = "gnu++17";
				CLANG_CXX_LIBRARY = "libc++";
				CLANG_ENABLE_MODULES = YES;
				CLANG_ENABLE_OBJC_ARC = YES;
				CLANG_ENABLE_OBJC_WEAK = YES;
				CLANG_WARN_BLOCK_CAPTURE_AUTORELEASING = YES;
				CLANG_WARN_BOOL_CONVERSION = YES;
				CLANG_WARN_COMMA = YES;
				CLANG_WARN_CONSTANT_CONVERSION = YES;
				CLANG_WARN_DEPRECATED_OBJC_IMPLEMENTATIONS = YES;
				CLANG_WARN_DIRECT_OBJC_ISA_USAGE = YES_ERROR;
				CLANG_WARN_DOCUMENTATION_COMMENTS = YES;
				CLANG_WARN_EMPTY_BODY = YES;
				CLANG_WARN_ENUM_CONVERSION = YES;
				CLANG_WARN_INFINITE_RECURSION = YES;
				CLANG_WARN_INT_CONVERSION = YES;
				CLANG_WARN_NON_LITERAL_NULL_CONVERSION = YES;
				CLANG_WARN_OBJC_IMPLICIT_RETAIN_SELF = YES;
				CLANG_WARN_OBJC_LITERAL_CONVERSION = YES;
				CLANG_WARN_OBJC_ROOT_CLASS = YES_ERROR;
				CLANG_WARN_QUOTED_INCLUDE_IN_FRAMEWORK_HEADER = YES;
				CLANG_WARN_RANGE_LOOP_ANALYSIS = YES;
				CLANG_WARN_STRICT_PROTOTYPES = YES;
				CLANG_WARN_SUSPICIOUS_MOVE = YES;
				CLANG_WARN_UNGUARDED_AVAILABILITY = YES_AGGRESSIVE;
				CLANG_WARN_UNREACHABLE_CODE = YES;
				CLANG_WARN__DUPLICATE_METHOD_MATCH = YES;
				COPY_PHASE_STRIP = NO;
				DEBUG_INFORMATION_FORMAT = "dwarf-with-dsym";
				ENABLE_NS_ASSERTIONS = NO;
				ENABLE_STRICT_OBJC_MSGSEND = YES;
				GCC_C_LANGUAGE_STANDARD = gnu11;
				GCC_NO_COMMON_BLOCKS = YES;
				GCC_WARN_64_TO_32_BIT_CONVERSION = YES;
				GCC_WARN_ABOUT_RETURN_TYPE = YES_ERROR;
				GCC_WARN_UNDECLARED_SELECTOR = YES;
				GCC_WARN_UNINITIALIZED_AUTOS = YES_AGGRESSIVE;
				GCC_WARN_UNUSED_FUNCTION = YES;
				GCC_WARN_UNUSED_VARIABLE = YES;
				IPHONEOS_DEPLOYMENT_TARGET = 15.0;
				MTL_ENABLE_DEBUG_INFO = NO;
				MTL_FAST_MATH = YES;
				SDKROOT = iphoneos;
				SWIFT_COMPILATION_MODE = wholemodule;
				SWIFT_OPTIMIZATION_LEVEL = "-O";
				VALIDATE_PRODUCT = YES;
			};
			name = Release;
		};
		9F7F8404279D22CF0090420E /* Debug */ = {
			isa = XCBuildConfiguration;
			buildSettings = {
				ASSETCATALOG_COMPILER_APPICON_NAME = AppIcon;
				ASSETCATALOG_COMPILER_GLOBAL_ACCENT_COLOR_NAME = AccentColor;
				CODE_SIGN_STYLE = Automatic;
				CURRENT_PROJECT_VERSION = 1;
				DEVELOPMENT_TEAM = 9D5DJN27H5;
				GENERATE_INFOPLIST_FILE = YES;
				INFOPLIST_FILE = NetworkingSwift/Info.plist;
				INFOPLIST_KEY_UIApplicationSupportsIndirectInputEvents = YES;
				INFOPLIST_KEY_UILaunchStoryboardName = LaunchScreen;
				INFOPLIST_KEY_UIMainStoryboardFile = Main;
				INFOPLIST_KEY_UISupportedInterfaceOrientations_iPad = "UIInterfaceOrientationPortrait UIInterfaceOrientationPortraitUpsideDown UIInterfaceOrientationLandscapeLeft UIInterfaceOrientationLandscapeRight";
				INFOPLIST_KEY_UISupportedInterfaceOrientations_iPhone = "UIInterfaceOrientationPortrait UIInterfaceOrientationLandscapeLeft UIInterfaceOrientationLandscapeRight";
				LD_RUNPATH_SEARCH_PATHS = (
					"$(inherited)",
					"@executable_path/Frameworks",
				);
				MARKETING_VERSION = 1.0;
				PRODUCT_BUNDLE_IDENTIFIER = johnnyBoshecka.ink.NetworkingSwift;
				PRODUCT_NAME = "$(TARGET_NAME)";
				SWIFT_EMIT_LOC_STRINGS = YES;
				SWIFT_VERSION = 5.0;
				TARGETED_DEVICE_FAMILY = "1,2";
			};
			name = Debug;
		};
		9F7F8405279D22CF0090420E /* Release */ = {
			isa = XCBuildConfiguration;
			buildSettings = {
				ASSETCATALOG_COMPILER_APPICON_NAME = AppIcon;
				ASSETCATALOG_COMPILER_GLOBAL_ACCENT_COLOR_NAME = AccentColor;
				CODE_SIGN_STYLE = Automatic;
				CURRENT_PROJECT_VERSION = 1;
				DEVELOPMENT_TEAM = 9D5DJN27H5;
				GENERATE_INFOPLIST_FILE = YES;
				INFOPLIST_FILE = NetworkingSwift/Info.plist;
				INFOPLIST_KEY_UIApplicationSupportsIndirectInputEvents = YES;
				INFOPLIST_KEY_UILaunchStoryboardName = LaunchScreen;
				INFOPLIST_KEY_UIMainStoryboardFile = Main;
				INFOPLIST_KEY_UISupportedInterfaceOrientations_iPad = "UIInterfaceOrientationPortrait UIInterfaceOrientationPortraitUpsideDown UIInterfaceOrientationLandscapeLeft UIInterfaceOrientationLandscapeRight";
				INFOPLIST_KEY_UISupportedInterfaceOrientations_iPhone = "UIInterfaceOrientationPortrait UIInterfaceOrientationLandscapeLeft UIInterfaceOrientationLandscapeRight";
				LD_RUNPATH_SEARCH_PATHS = (
					"$(inherited)",
					"@executable_path/Frameworks",
				);
				MARKETING_VERSION = 1.0;
				PRODUCT_BUNDLE_IDENTIFIER = johnnyBoshecka.ink.NetworkingSwift;
				PRODUCT_NAME = "$(TARGET_NAME)";
				SWIFT_EMIT_LOC_STRINGS = YES;
				SWIFT_VERSION = 5.0;
				TARGETED_DEVICE_FAMILY = "1,2";
			};
			name = Release;
		};
/* End XCBuildConfiguration section */

/* Begin XCConfigurationList section */
		9F7F83EA279D22CE0090420E /* Build configuration list for PBXProject "NetworkingSwift" */ = {
			isa = XCConfigurationList;
			buildConfigurations = (
				9F7F8401279D22CF0090420E /* Debug */,
				9F7F8402279D22CF0090420E /* Release */,
			);
			defaultConfigurationIsVisible = 0;
			defaultConfigurationName = Release;
		};
		9F7F8403279D22CF0090420E /* Build configuration list for PBXNativeTarget "NetworkingSwift" */ = {
			isa = XCConfigurationList;
			buildConfigurations = (
				9F7F8404279D22CF0090420E /* Debug */,
				9F7F8405279D22CF0090420E /* Release */,
			);
			defaultConfigurationIsVisible = 0;
			defaultConfigurationName = Release;
		};
/* End XCConfigurationList section */
	};
	rootObject = 9F7F83E7279D22CE0090420E /* Project object */;
}
